# This file was autogenerated by uv via the following command:
#    uv pip compile --python-version 3.13 --output-file config/astroai-lab.lock config/astroai-lab.in
annotated-doc==0.0.4
    # via typer
annotated-types==0.7.0
    # via pydantic
astroai-lab @ git+https://github.com/astroai/astroai-lab.git@9cb463c42684515a286a2894b996586fd486f78c
    # via -r config/astroai-lab.in
humanize==4.16.0
    # via astroai-lab
markdown-it-py==4.2.0
    # via rich
mdurl==0.1.2
    # via markdown-it-py
pydantic==2.13.4
    # via
    #   astroai-lab
    #   pydantic-settings
pydantic-core==2.46.4
    # via pydantic
pydantic-settings==2.14.2
    # via astroai-lab
pygments==2.20.0
    # via rich
python-dotenv==1.2.2
    # via pydantic-settings
pyyaml==6.0.3
    # via astroai-lab
rich==15.0.0
    # via
    #   astroai-lab
    #   typer
shellingham==1.5.4
    # via typer
typer==0.27.0
    # via astroai-lab
typing-extensions==4.16.0
    # via
    #   pydantic
    #   pydantic-core
    #   typing-inspection
typing-inspection==0.4.2
    # via
    #   pydantic
    #   pydantic-settings
